Microsoft Visual Studio Solution File, Format Version 8.00
Project("{8BC9CEB8-8B4A-11D0-8D11-00A0C91BC942}") = "sf_ssl", "sf_ssl.vcproj", "{FF41B3D5-CAB3-46AF-88C2-CC6072AF02DB}"
	ProjectSection(ProjectDependencies) = postProject
	EndProjectSection
EndProject
Global
	GlobalSection(SolutionConfiguration) = preSolution
		Debug = Debug
		Release = Release
	EndGlobalSection
	GlobalSection(ProjectConfiguration) = postSolution
		{FF41B3D5-CAB3-46AF-88C2-CC6072AF02DB}.Debug.ActiveCfg = Debug|Win32
		{FF41B3D5-CAB3-46AF-88C2-CC6072AF02DB}.Debug.Build.0 = Debug|Win32
		{FF41B3D5-CAB3-46AF-88C2-CC6072AF02DB}.Release.ActiveCfg = Release|Win32
		{FF41B3D5-CAB3-46AF-88C2-CC6072AF02DB}.Release.Build.0 = Release|Win32
	EndGlobalSection
	GlobalSection(ExtensibilityGlobals) = postSolution
	EndGlobalSection
	GlobalSection(ExtensibilityAddIns) = postSolution
	EndGlobalSection
EndGlobal
